{
  "name": "common-binders",
  "version": "1.3.7",
  "lockfileVersion": 1,
  "requires": true,
  "dependencies": {
    "defi": {
      "version": "1.3.7",
      "resolved": "https://registry.npmjs.org/defi/-/defi-1.3.7.tgz",
      "integrity": "sha512-VKKm4F6KTW6YHMt2nSQdJdrlTigE9dhFxhC5bXIoiYrtAc8UPKKe3GodcG8xwAoVJlbyW4iSkNn9lED9eY7DDQ==",
      "dev": true
    }
  }
}
