{
  "name": "common-binders",
  "version": "1.2.0",
  "lockfileVersion": 1,
  "requires": true,
  "dependencies": {
    "defi": {
      "version": "1.1.10",
      "resolved": "https://registry.npmjs.org/defi/-/defi-1.1.10.tgz",
      "integrity": "sha512-rg0h0d27E5suAKmSn9H6Y4ZNidmQ78lWCMzMeQaFeyYxBJEpSAkw/BD8fcFfaaO/mOsQuEds+b7fbNzG4/XJug==",
      "dev": true
    }
  }
}
