{
  "name": "common-binders",
  "version": "2.0.0",
  "lockfileVersion": 1,
  "requires": true,
  "dependencies": {
    "defi": {
      "version": "2.0.0",
      "resolved": "https://registry.npmjs.org/defi/-/defi-2.0.0.tgz",
      "integrity": "sha512-cdjOso8jmdK+xJtiSux2d6dcRHaNhxXxo/es+kb64n6XTCwJwXYKHMPPlHo2h74mzDdo/xbbpJQI1cbCv0r/aA==",
      "dev": true
    }
  }
}
