{
  "name": "defi-react",
  "version": "1.3.7",
  "lockfileVersion": 1,
  "requires": true,
  "dependencies": {
    "@babel/code-frame": {
      "version": "7.10.3",
      "resolved": "https://registry.npmjs.org/@babel/code-frame/-/code-frame-7.10.3.tgz",
      "integrity": "sha512-fDx9eNW0qz0WkUeqL6tXEXzVlPh6Y5aCDEZesl0xBGA8ndRukX91Uk44ZqnkECp01NAZUdCAl+aiQNGi0k88Eg==",
      "dev": true,
      "requires": {
        "@babel/highlight": "^7.10.3"
      }
    },
    "@babel/generator": {
      "version": "7.10.3",
      "resolved": "https://registry.npmjs.org/@babel/generator/-/generator-7.10.3.tgz",
      "integrity": "sha512-drt8MUHbEqRzNR0xnF8nMehbY11b1SDkRw03PSNH/3Rb2Z35oxkddVSi3rcaak0YJQ86PCuE7Qx1jSFhbLNBMA==",
      "dev": true,
      "requires": {
        "@babel/types": "^7.10.3",
        "jsesc": "^2.5.1",
        "lodash": "^4.17.13",
        "source-map": "^0.5.0"
      }
    },
    "@babel/helper-create-class-features-plugin": {
      "version": "7.10.3",
      "resolved": "https://registry.npmjs.org/@babel/helper-create-class-features-plugin/-/helper-create-class-features-plugin-7.10.3.tgz",
      "integrity": "sha512-iRT9VwqtdFmv7UheJWthGc/h2s7MqoweBF9RUj77NFZsg9VfISvBTum3k6coAhJ8RWv2tj3yUjA03HxPd0vfpQ==",
      "dev": true,
      "requires": {
        "@babel/helper-function-name": "^7.10.3",
        "@babel/helper-member-expression-to-functions": "^7.10.3",
        "@babel/helper-optimise-call-expression": "^7.10.3",
        "@babel/helper-plugin-utils": "^7.10.3",
        "@babel/helper-replace-supers": "^7.10.1",
        "@babel/helper-split-export-declaration": "^7.10.1"
      }
    },
    "@babel/helper-function-name": {
      "version": "7.10.3",
      "resolved": "https://registry.npmjs.org/@babel/helper-function-name/-/helper-function-name-7.10.3.tgz",
      "integrity": "sha512-FvSj2aiOd8zbeqijjgqdMDSyxsGHaMt5Tr0XjQsGKHD3/1FP3wksjnLAWzxw7lvXiej8W1Jt47SKTZ6upQNiRw==",
      "dev": true,
      "requires": {
        "@babel/helper-get-function-arity": "^7.10.3",
        "@babel/template": "^7.10.3",
        "@babel/types": "^7.10.3"
      }
    },
    "@babel/helper-get-function-arity": {
      "version": "7.10.3",
      "resolved": "https://registry.npmjs.org/@babel/helper-get-function-arity/-/helper-get-function-arity-7.10.3.tgz",
      "integrity": "sha512-iUD/gFsR+M6uiy69JA6fzM5seno8oE85IYZdbVVEuQaZlEzMO2MXblh+KSPJgsZAUx0EEbWXU0yJaW7C9CdAVg==",
      "dev": true,
      "requires": {
        "@babel/types": "^7.10.3"
      }
    },
    "@babel/helper-member-expression-to-functions": {
      "version": "7.10.3",
      "resolved": "https://registry.npmjs.org/@babel/helper-member-expression-to-functions/-/helper-member-expression-to-functions-7.10.3.tgz",
      "integrity": "sha512-q7+37c4EPLSjNb2NmWOjNwj0+BOyYlssuQ58kHEWk1Z78K5i8vTUsteq78HMieRPQSl/NtpQyJfdjt3qZ5V2vw==",
      "dev": true,
      "requires": {
        "@babel/types": "^7.10.3"
      }
    },
    "@babel/helper-optimise-call-expression": {
      "version": "7.10.3",
      "resolved": "https://registry.npmjs.org/@babel/helper-optimise-call-expression/-/helper-optimise-call-expression-7.10.3.tgz",
      "integrity": "sha512-kT2R3VBH/cnSz+yChKpaKRJQJWxdGoc6SjioRId2wkeV3bK0wLLioFpJROrX0U4xr/NmxSSAWT/9Ih5snwIIzg==",
      "dev": true,
      "requires": {
        "@babel/types": "^7.10.3"
      }
    },
    "@babel/helper-plugin-utils": {
      "version": "7.10.3",
      "resolved": "https://registry.npmjs.org/@babel/helper-plugin-utils/-/helper-plugin-utils-7.10.3.tgz",
      "integrity": "sha512-j/+j8NAWUTxOtx4LKHybpSClxHoq6I91DQ/mKgAXn5oNUPIUiGppjPIX3TDtJWPrdfP9Kfl7e4fgVMiQR9VE/g==",
      "dev": true
    },
    "@babel/helper-replace-supers": {
      "version": "7.10.1",
      "resolved": "https://registry.npmjs.org/@babel/helper-replace-supers/-/helper-replace-supers-7.10.1.tgz",
      "integrity": "sha512-SOwJzEfpuQwInzzQJGjGaiG578UYmyi2Xw668klPWV5n07B73S0a9btjLk/52Mlcxa+5AdIYqws1KyXRfMoB7A==",
      "dev": true,
      "requires": {
        "@babel/helper-member-expression-to-functions": "^7.10.1",
        "@babel/helper-optimise-call-expression": "^7.10.1",
        "@babel/traverse": "^7.10.1",
        "@babel/types": "^7.10.1"
      }
    },
    "@babel/helper-split-export-declaration": {
      "version": "7.10.1",
      "resolved": "https://registry.npmjs.org/@babel/helper-split-export-declaration/-/helper-split-export-declaration-7.10.1.tgz",
      "integrity": "sha512-UQ1LVBPrYdbchNhLwj6fetj46BcFwfS4NllJo/1aJsT+1dLTEnXJL0qHqtY7gPzF8S2fXBJamf1biAXV3X077g==",
      "dev": true,
      "requires": {
        "@babel/types": "^7.10.1"
      }
    },
    "@babel/helper-validator-identifier": {
      "version": "7.10.3",
      "resolved": "https://registry.npmjs.org/@babel/helper-validator-identifier/-/helper-validator-identifier-7.10.3.tgz",
      "integrity": "sha512-bU8JvtlYpJSBPuj1VUmKpFGaDZuLxASky3LhaKj3bmpSTY6VWooSM8msk+Z0CZoErFye2tlABF6yDkT3FOPAXw==",
      "dev": true
    },
    "@babel/highlight": {
      "version": "7.10.3",
      "resolved": "https://registry.npmjs.org/@babel/highlight/-/highlight-7.10.3.tgz",
      "integrity": "sha512-Ih9B/u7AtgEnySE2L2F0Xm0GaM729XqqLfHkalTsbjXGyqmf/6M0Cu0WpvqueUlW+xk88BHw9Nkpj49naU+vWw==",
      "dev": true,
      "requires": {
        "@babel/helper-validator-identifier": "^7.10.3",
        "chalk": "^2.0.0",
        "js-tokens": "^4.0.0"
      }
    },
    "@babel/parser": {
      "version": "7.10.3",
      "resolved": "https://registry.npmjs.org/@babel/parser/-/parser-7.10.3.tgz",
      "integrity": "sha512-oJtNJCMFdIMwXGmx+KxuaD7i3b8uS7TTFYW/FNG2BT8m+fmGHoiPYoH0Pe3gya07WuFmM5FCDIr1x0irkD/hyA==",
      "dev": true
    },
    "@babel/plugin-syntax-typescript": {
      "version": "7.10.1",
      "resolved": "https://registry.npmjs.org/@babel/plugin-syntax-typescript/-/plugin-syntax-typescript-7.10.1.tgz",
      "integrity": "sha512-X/d8glkrAtra7CaQGMiGs/OGa6XgUzqPcBXCIGFCpCqnfGlT0Wfbzo/B89xHhnInTaItPK8LALblVXcUOEh95Q==",
      "dev": true,
      "requires": {
        "@babel/helper-plugin-utils": "^7.10.1"
      }
    },
    "@babel/plugin-transform-typescript": {
      "version": "7.10.3",
      "resolved": "https://registry.npmjs.org/@babel/plugin-transform-typescript/-/plugin-transform-typescript-7.10.3.tgz",
      "integrity": "sha512-qU9Lu7oQyh3PGMQncNjQm8RWkzw6LqsWZQlZPQMgrGt6s3YiBIaQ+3CQV/FA/icGS5XlSWZGwo/l8ErTyelS0Q==",
      "dev": true,
      "requires": {
        "@babel/helper-create-class-features-plugin": "^7.10.3",
        "@babel/helper-plugin-utils": "^7.10.3",
        "@babel/plugin-syntax-typescript": "^7.10.1"
      }
    },
    "@babel/preset-typescript": {
      "version": "7.10.1",
      "resolved": "https://registry.npmjs.org/@babel/preset-typescript/-/preset-typescript-7.10.1.tgz",
      "integrity": "sha512-m6GV3y1ShiqxnyQj10600ZVOFrSSAa8HQ3qIUk2r+gcGtHTIRw0dJnFLt1WNXpKjtVw7yw1DAPU/6ma2ZvgJuA==",
      "dev": true,
      "requires": {
        "@babel/helper-plugin-utils": "^7.10.1",
        "@babel/plugin-transform-typescript": "^7.10.1"
      }
    },
    "@babel/runtime": {
      "version": "7.10.2",
      "resolved": "https://registry.npmjs.org/@babel/runtime/-/runtime-7.10.2.tgz",
      "integrity": "sha512-6sF3uQw2ivImfVIl62RZ7MXhO2tap69WeWK57vAaimT6AZbE4FbqjdEJIN1UqoD6wI6B+1n9UiagafH1sxjOtg==",
      "requires": {
        "regenerator-runtime": "^0.13.4"
      }
    },
    "@babel/template": {
      "version": "7.10.3",
      "resolved": "https://registry.npmjs.org/@babel/template/-/template-7.10.3.tgz",
      "integrity": "sha512-5BjI4gdtD+9fHZUsaxPHPNpwa+xRkDO7c7JbhYn2afvrkDu5SfAAbi9AIMXw2xEhO/BR35TqiW97IqNvCo/GqA==",
      "dev": true,
      "requires": {
        "@babel/code-frame": "^7.10.3",
        "@babel/parser": "^7.10.3",
        "@babel/types": "^7.10.3"
      }
    },
    "@babel/traverse": {
      "version": "7.10.3",
      "resolved": "https://registry.npmjs.org/@babel/traverse/-/traverse-7.10.3.tgz",
      "integrity": "sha512-qO6623eBFhuPm0TmmrUFMT1FulCmsSeJuVGhiLodk2raUDFhhTECLd9E9jC4LBIWziqt4wgF6KuXE4d+Jz9yug==",
      "dev": true,
      "requires": {
        "@babel/code-frame": "^7.10.3",
        "@babel/generator": "^7.10.3",
        "@babel/helper-function-name": "^7.10.3",
        "@babel/helper-split-export-declaration": "^7.10.1",
        "@babel/parser": "^7.10.3",
        "@babel/types": "^7.10.3",
        "debug": "^4.1.0",
        "globals": "^11.1.0",
        "lodash": "^4.17.13"
      }
    },
    "@babel/types": {
      "version": "7.10.3",
      "resolved": "https://registry.npmjs.org/@babel/types/-/types-7.10.3.tgz",
      "integrity": "sha512-nZxaJhBXBQ8HVoIcGsf9qWep3Oh3jCENK54V4mRF7qaJabVsAYdbTtmSD8WmAp1R6ytPiu5apMwSXyxB1WlaBA==",
      "dev": true,
      "requires": {
        "@babel/helper-validator-identifier": "^7.10.3",
        "lodash": "^4.17.13",
        "to-fast-properties": "^2.0.0"
      }
    },
    "@testing-library/react-hooks": {
      "version": "3.3.0",
      "resolved": "https://registry.npmjs.org/@testing-library/react-hooks/-/react-hooks-3.3.0.tgz",
      "integrity": "sha512-rE9geI1+HJ6jqXkzzJ6abREbeud6bLF8OmF+Vyc7gBoPwZAEVBYjbC1up5nNoVfYBhO5HUwdD4u9mTehAUeiyw==",
      "dev": true,
      "requires": {
        "@babel/runtime": "^7.5.4",
        "@types/testing-library__react-hooks": "^3.0.0"
      }
    },
    "@types/prop-types": {
      "version": "15.7.3",
      "resolved": "https://registry.npmjs.org/@types/prop-types/-/prop-types-15.7.3.tgz",
      "integrity": "sha512-KfRL3PuHmqQLOG+2tGpRO26Ctg+Cq1E01D2DMriKEATHgWLfeNDmq9e29Q9WIky0dQ3NPkd1mzYH8Lm936Z9qw==",
      "dev": true
    },
    "@types/react": {
      "version": "16.9.38",
      "resolved": "https://registry.npmjs.org/@types/react/-/react-16.9.38.tgz",
      "integrity": "sha512-pHAeZbjjNRa/hxyNuLrvbxhhnKyKNiLC6I5fRF2Zr/t/S6zS41MiyzH4+c+1I9vVfvuRt1VS2Lodjr4ZWnxrdA==",
      "dev": true,
      "requires": {
        "@types/prop-types": "*",
        "csstype": "^2.2.0"
      }
    },
    "@types/react-test-renderer": {
      "version": "16.9.2",
      "resolved": "https://registry.npmjs.org/@types/react-test-renderer/-/react-test-renderer-16.9.2.tgz",
      "integrity": "sha512-4eJr1JFLIAlWhzDkBCkhrOIWOvOxcCAfQh+jiKg7l/nNZcCIL2MHl2dZhogIFKyHzedVWHaVP1Yydq/Ruu4agw==",
      "dev": true,
      "requires": {
        "@types/react": "*"
      }
    },
    "@types/testing-library__react-hooks": {
      "version": "3.2.0",
      "resolved": "https://registry.npmjs.org/@types/testing-library__react-hooks/-/testing-library__react-hooks-3.2.0.tgz",
      "integrity": "sha512-dE8iMTuR5lzB+MqnxlzORlXzXyCL0EKfzH0w/lau20OpkHD37EaWjZDz0iNG8b71iEtxT4XKGmSKAGVEqk46mw==",
      "dev": true,
      "requires": {
        "@types/react": "*",
        "@types/react-test-renderer": "*"
      }
    },
    "ansi-styles": {
      "version": "3.2.1",
      "resolved": "https://registry.npmjs.org/ansi-styles/-/ansi-styles-3.2.1.tgz",
      "integrity": "sha512-VT0ZI6kZRdTh8YyJw3SMbYm/u+NqfsAxEpWO0Pf9sq8/e94WxxOpPKx9FR1FlyCtOVDNOQ+8ntlqFxiRc+r5qA==",
      "dev": true,
      "requires": {
        "color-convert": "^1.9.0"
      }
    },
    "chalk": {
      "version": "2.4.2",
      "resolved": "https://registry.npmjs.org/chalk/-/chalk-2.4.2.tgz",
      "integrity": "sha512-Mti+f9lpJNcwF4tWV8/OrTTtF1gZi+f8FqlyAdouralcFWFQWF2+NgCHShjkCb+IFBLq9buZwE1xckQU4peSuQ==",
      "dev": true,
      "requires": {
        "ansi-styles": "^3.2.1",
        "escape-string-regexp": "^1.0.5",
        "supports-color": "^5.3.0"
      }
    },
    "color-convert": {
      "version": "1.9.3",
      "resolved": "https://registry.npmjs.org/color-convert/-/color-convert-1.9.3.tgz",
      "integrity": "sha512-QfAUtd+vFdAtFQcC8CCyYt1fYWxSqAiK2cSD6zDB8N3cpsEBAvRxp9zOGg6G/SHHJYAT88/az/IuDGALsNVbGg==",
      "dev": true,
      "requires": {
        "color-name": "1.1.3"
      }
    },
    "color-name": {
      "version": "1.1.3",
      "resolved": "https://registry.npmjs.org/color-name/-/color-name-1.1.3.tgz",
      "integrity": "sha1-p9BVi9icQveV3UIyj3QIMcpTvCU=",
      "dev": true
    },
    "csstype": {
      "version": "2.6.10",
      "resolved": "https://registry.npmjs.org/csstype/-/csstype-2.6.10.tgz",
      "integrity": "sha512-D34BqZU4cIlMCY93rZHbrq9pjTAQJ3U8S8rfBqjwHxkGPThWFjzZDQpgMJY0QViLxth6ZKYiwFBo14RdN44U/w==",
      "dev": true
    },
    "debug": {
      "version": "4.1.1",
      "resolved": "https://registry.npmjs.org/debug/-/debug-4.1.1.tgz",
      "integrity": "sha512-pYAIzeRo8J6KPEaJ0VWOh5Pzkbw/RetuzehGM7QRRX5he4fPHx2rdKMB256ehJCkX+XRQm16eZLqLNS8RSZXZw==",
      "dev": true,
      "requires": {
        "ms": "^2.1.1"
      }
    },
    "defi": {
      "version": "1.3.6",
      "resolved": "https://registry.npmjs.org/defi/-/defi-1.3.6.tgz",
      "integrity": "sha512-c9M4bC+eY0RDqHcJxmcS1sWw9nhf4ls44xjKsZBUCIussLZG6Jz4UYW1cn2tMHM9SQMN341NnuMloTM1JHoXOA==",
      "dev": true
    },
    "escape-string-regexp": {
      "version": "1.0.5",
      "resolved": "https://registry.npmjs.org/escape-string-regexp/-/escape-string-regexp-1.0.5.tgz",
      "integrity": "sha1-G2HAViGQqN/2rjuyzwIAyhMLhtQ=",
      "dev": true
    },
    "globals": {
      "version": "11.12.0",
      "resolved": "https://registry.npmjs.org/globals/-/globals-11.12.0.tgz",
      "integrity": "sha512-WOBp/EEGUiIsJSp7wcv/y6MO+lV9UoncWqxuFfm8eBwzWNgyfBd6Gz+IeKQ9jCmyhoH99g15M3T+QaVHFjizVA==",
      "dev": true
    },
    "has-flag": {
      "version": "3.0.0",
      "resolved": "https://registry.npmjs.org/has-flag/-/has-flag-3.0.0.tgz",
      "integrity": "sha1-tdRU3CGZriJWmfNGfloH87lVuv0=",
      "dev": true
    },
    "js-tokens": {
      "version": "4.0.0",
      "resolved": "https://registry.npmjs.org/js-tokens/-/js-tokens-4.0.0.tgz",
      "integrity": "sha512-RdJUflcE3cUzKiMqQgsCu06FPu9UdIJO0beYbPhHN4k6apgJtifcoCtT9bcxOpYBtpD2kCM6Sbzg4CausW/PKQ==",
      "dev": true
    },
    "jsesc": {
      "version": "2.5.2",
      "resolved": "https://registry.npmjs.org/jsesc/-/jsesc-2.5.2.tgz",
      "integrity": "sha512-OYu7XEzjkCQ3C5Ps3QIZsQfNpqoJyZZA99wd9aWd05NCtC5pWOkShK2mkL6HXQR6/Cy2lbNdPlZBpuQHXE63gA==",
      "dev": true
    },
    "lodash": {
      "version": "4.17.15",
      "resolved": "https://registry.npmjs.org/lodash/-/lodash-4.17.15.tgz",
      "integrity": "sha512-8xOcRHvCjnocdS5cpwXQXVzmmh5e5+saE2QGoeQmbKmRS6J3VQppPOIt0MnmE+4xlZoumy0GPG0D0MVIQbNA1A==",
      "dev": true
    },
    "loose-envify": {
      "version": "1.4.0",
      "resolved": "https://registry.npmjs.org/loose-envify/-/loose-envify-1.4.0.tgz",
      "integrity": "sha512-lyuxPGr/Wfhrlem2CL/UcnUc1zcqKAImBDzukY7Y5F/yQiNdko6+fRLevlw1HgMySw7f611UIY408EtxRSoK3Q==",
      "dev": true,
      "requires": {
        "js-tokens": "^3.0.0 || ^4.0.0"
      }
    },
    "ms": {
      "version": "2.1.2",
      "resolved": "https://registry.npmjs.org/ms/-/ms-2.1.2.tgz",
      "integrity": "sha512-sGkPx+VjMtmA6MX27oA4FBFELFCZZ4S4XqeGOXCv68tT+jb3vk/RyaKWP0PTKyWtmLSM0b+adUTEvbs1PEaH2w==",
      "dev": true
    },
    "object-assign": {
      "version": "4.1.1",
      "resolved": "https://registry.npmjs.org/object-assign/-/object-assign-4.1.1.tgz",
      "integrity": "sha1-IQmtx5ZYh8/AXLvUQsrIv7s2CGM=",
      "dev": true
    },
    "prop-types": {
      "version": "15.7.2",
      "resolved": "https://registry.npmjs.org/prop-types/-/prop-types-15.7.2.tgz",
      "integrity": "sha512-8QQikdH7//R2vurIJSutZ1smHYTcLpRWEOlHnzcWHmBYrOGUysKwSsrC89BCiFj3CbrfJ/nXFdJepOVrY1GCHQ==",
      "dev": true,
      "requires": {
        "loose-envify": "^1.4.0",
        "object-assign": "^4.1.1",
        "react-is": "^16.8.1"
      }
    },
    "react": {
      "version": "16.13.1",
      "resolved": "https://registry.npmjs.org/react/-/react-16.13.1.tgz",
      "integrity": "sha512-YMZQQq32xHLX0bz5Mnibv1/LHb3Sqzngu7xstSM+vrkE5Kzr9xE0yMByK5kMoTK30YVJE61WfbxIFFvfeDKT1w==",
      "dev": true,
      "requires": {
        "loose-envify": "^1.1.0",
        "object-assign": "^4.1.1",
        "prop-types": "^15.6.2"
      }
    },
    "react-is": {
      "version": "16.13.1",
      "resolved": "https://registry.npmjs.org/react-is/-/react-is-16.13.1.tgz",
      "integrity": "sha512-24e6ynE2H+OKt4kqsOvNd8kBpV65zoxbA4BVsEOB3ARVWQki/DHzaUoC5KuON/BiccDaCCTZBuOcfZs70kR8bQ==",
      "dev": true
    },
    "react-test-renderer": {
      "version": "16.13.1",
      "resolved": "https://registry.npmjs.org/react-test-renderer/-/react-test-renderer-16.13.1.tgz",
      "integrity": "sha512-Sn2VRyOK2YJJldOqoh8Tn/lWQ+ZiKhyZTPtaO0Q6yNj+QDbmRkVFap6pZPy3YQk8DScRDfyqm/KxKYP9gCMRiQ==",
      "dev": true,
      "requires": {
        "object-assign": "^4.1.1",
        "prop-types": "^15.6.2",
        "react-is": "^16.8.6",
        "scheduler": "^0.19.1"
      }
    },
    "regenerator-runtime": {
      "version": "0.13.5",
      "resolved": "https://registry.npmjs.org/regenerator-runtime/-/regenerator-runtime-0.13.5.tgz",
      "integrity": "sha512-ZS5w8CpKFinUzOwW3c83oPeVXoNsrLsaCoLtJvAClH135j/R77RuymhiSErhm2lKcwSCIpmvIWSbDkIfAqKQlA=="
    },
    "scheduler": {
      "version": "0.19.1",
      "resolved": "https://registry.npmjs.org/scheduler/-/scheduler-0.19.1.tgz",
      "integrity": "sha512-n/zwRWRYSUj0/3g/otKDRPMh6qv2SYMWNq85IEa8iZyAv8od9zDYpGSnpBEjNgcMNq6Scbu5KfIPxNF72R/2EA==",
      "dev": true,
      "requires": {
        "loose-envify": "^1.1.0",
        "object-assign": "^4.1.1"
      }
    },
    "source-map": {
      "version": "0.5.7",
      "resolved": "https://registry.npmjs.org/source-map/-/source-map-0.5.7.tgz",
      "integrity": "sha1-igOdLRAh0i0eoUyA2OpGi6LvP8w=",
      "dev": true
    },
    "supports-color": {
      "version": "5.5.0",
      "resolved": "https://registry.npmjs.org/supports-color/-/supports-color-5.5.0.tgz",
      "integrity": "sha512-QjVjwdXIt408MIiAqCX4oUKsgU2EqAGzs2Ppkm4aQYbjm+ZEWEcW4SfFNTr4uMNZma0ey4f5lgLrkB0aX0QMow==",
      "dev": true,
      "requires": {
        "has-flag": "^3.0.0"
      }
    },
    "to-fast-properties": {
      "version": "2.0.0",
      "resolved": "https://registry.npmjs.org/to-fast-properties/-/to-fast-properties-2.0.0.tgz",
      "integrity": "sha1-3F5pjL0HkmW8c+A3doGk5Og/YW4=",
      "dev": true
    },
    "typescript": {
      "version": "3.9.5",
      "resolved": "https://registry.npmjs.org/typescript/-/typescript-3.9.5.tgz",
      "integrity": "sha512-hSAifV3k+i6lEoCJ2k6R2Z/rp/H3+8sdmcn5NrS3/3kE7+RyZXm9aqvxWqjEXHAd8b0pShatpcdMTvEdvAJltQ==",
      "dev": true
    }
  }
}
