{
  "name": "codemirror-binder",
  "version": "1.1.4",
  "lockfileVersion": 1,
  "requires": true,
  "dependencies": {
    "codemirror": {
      "version": "5.53.2",
      "resolved": "https://registry.npmjs.org/codemirror/-/codemirror-5.53.2.tgz",
      "integrity": "sha512-wvSQKS4E+P8Fxn/AQ+tQtJnF1qH5UOlxtugFLpubEZ5jcdH2iXTVinb+Xc/4QjshuOxRm4fUsU2QPF1JJKiyXA==",
      "dev": true
    },
    "defi": {
      "version": "0.0.29",
      "resolved": "https://registry.npmjs.org/defi/-/defi-0.0.29.tgz",
      "integrity": "sha512-7xfrUw5CisGAbtJu+dmmA2X9l5ka8bb185SnpuVvhTTUK4GeCY8BmIa4E8FS7TH6/7N1XOtPkpSpsXbAFyBrhQ==",
      "dev": true
    }
  }
}
