{
  "name": "codemirror-binder",
  "version": "1.3.6",
  "lockfileVersion": 1,
  "requires": true,
  "dependencies": {
    "@babel/runtime": {
      "version": "7.10.2",
      "resolved": "https://registry.npmjs.org/@babel/runtime/-/runtime-7.10.2.tgz",
      "integrity": "sha512-6sF3uQw2ivImfVIl62RZ7MXhO2tap69WeWK57vAaimT6AZbE4FbqjdEJIN1UqoD6wI6B+1n9UiagafH1sxjOtg==",
      "requires": {
        "regenerator-runtime": "^0.13.4"
      }
    },
    "codemirror": {
      "version": "5.53.2",
      "resolved": "https://registry.npmjs.org/codemirror/-/codemirror-5.53.2.tgz",
      "integrity": "sha512-wvSQKS4E+P8Fxn/AQ+tQtJnF1qH5UOlxtugFLpubEZ5jcdH2iXTVinb+Xc/4QjshuOxRm4fUsU2QPF1JJKiyXA==",
      "dev": true
    },
    "defi": {
      "version": "1.3.5",
      "resolved": "https://registry.npmjs.org/defi/-/defi-1.3.5.tgz",
      "integrity": "sha512-DdNuEbBrg/6apN1UZTdRAQBjt73ctqWR2GHUPVtyk7mGS/yaXvdwPGwqUJc8epEEiCRlvkxjs2nkj06z7ub5Jg==",
      "dev": true
    },
    "regenerator-runtime": {
      "version": "0.13.5",
      "resolved": "https://registry.npmjs.org/regenerator-runtime/-/regenerator-runtime-0.13.5.tgz",
      "integrity": "sha512-ZS5w8CpKFinUzOwW3c83oPeVXoNsrLsaCoLtJvAClH135j/R77RuymhiSErhm2lKcwSCIpmvIWSbDkIfAqKQlA=="
    }
  }
}
